
Microsoft Visual Studio Solution File, Format Version 12.00
# Visual Studio Version 17
VisualStudioVersion = 17.9.34723.18
MinimumVisualStudioVersion = 10.0.40219.1
Project("{2150E333-8FDC-42A3-9474-1A3956D46DE8}") = "Services", "Services", "{2579F8FC-917C-4500-88B2-B913D9280DE3}"
EndProject
Project("{2150E333-8FDC-42A3-9474-1A3956D46DE8}") = "Catalog", "Catalog", "{A40C326B-9BEC-4911-A4E4-48D6DACD65F0}"
EndProject
Project("{9A19103F-16F7-4668-BE54-9A1E7A4F7556}") = "MultiShop.Catalog", "Services\Catalog\MultiShop.Catalog\MultiShop.Catalog.csproj", "{7E34DAB5-DA01-4D97-A610-4AA57F87E7AA}"
EndProject
Project("{2150E333-8FDC-42A3-9474-1A3956D46DE8}") = "Discount", "Discount", "{0FC7980F-1C83-4645-89C8-4CB15F1DF1FF}"
EndProject
Project("{9A19103F-16F7-4668-BE54-9A1E7A4F7556}") = "MultiShop.Discount", "Services\Discount\MultiShop.Discount\MultiShop.Discount.csproj", "{0D83DBBE-EC70-4DD2-A8D5-4B59D2BABD9B}"
EndProject
Project("{2150E333-8FDC-42A3-9474-1A3956D46DE8}") = "Order", "Order", "{A093362A-4AD1-4A37-BFBF-0370EAA3B5B5}"
EndProject
Project("{2150E333-8FDC-42A3-9474-1A3956D46DE8}") = "Core", "Core", "{3B5B6328-39E9-48CA-B04D-17FAD177C869}"
EndProject
Project("{2150E333-8FDC-42A3-9474-1A3956D46DE8}") = "Infrastructure", "Infrastructure", "{21E08313-25DC-4166-8967-5065679195C4}"
EndProject
Project("{2150E333-8FDC-42A3-9474-1A3956D46DE8}") = "Presentation", "Presentation", "{22E22EC0-8823-4898-A559-56B6F13382B4}"
EndProject
Project("{FAE04EC0-301F-11D3-BF4B-00C04F79EFBC}") = "MultiShop.Order.Domain", "Services\Order\Core\MultiShop.Order.Domain\MultiShop.Order.Domain.csproj", "{22F924EA-266B-4FE4-853A-89C04D856A76}"
EndProject
Project("{FAE04EC0-301F-11D3-BF4B-00C04F79EFBC}") = "MultiShop.Order.Application", "Services\Order\Core\MultiShop.Order.Application\MultiShop.Order.Application.csproj", "{3CAC23A5-768E-4279-B88E-258BA0747959}"
EndProject
Project("{FAE04EC0-301F-11D3-BF4B-00C04F79EFBC}") = "MultiShop.Order.Persistence", "Services\Order\Infrastructure\MultiShop.Order.Persistence\MultiShop.Order.Persistence.csproj", "{BA191DB6-2466-4D81-B883-8A12C3F55E16}"
EndProject
Global
	GlobalSection(SolutionConfigurationPlatforms) = preSolution
		Debug|Any CPU = Debug|Any CPU
		Release|Any CPU = Release|Any CPU
	EndGlobalSection
	GlobalSection(ProjectConfigurationPlatforms) = postSolution
		{7E34DAB5-DA01-4D97-A610-4AA57F87E7AA}.Debug|Any CPU.ActiveCfg = Debug|Any CPU
		{7E34DAB5-DA01-4D97-A610-4AA57F87E7AA}.Debug|Any CPU.Build.0 = Debug|Any CPU
		{7E34DAB5-DA01-4D97-A610-4AA57F87E7AA}.Release|Any CPU.ActiveCfg = Release|Any CPU
		{7E34DAB5-DA01-4D97-A610-4AA57F87E7AA}.Release|Any CPU.Build.0 = Release|Any CPU
		{0D83DBBE-EC70-4DD2-A8D5-4B59D2BABD9B}.Debug|Any CPU.ActiveCfg = Debug|Any CPU
		{0D83DBBE-EC70-4DD2-A8D5-4B59D2BABD9B}.Debug|Any CPU.Build.0 = Debug|Any CPU
		{0D83DBBE-EC70-4DD2-A8D5-4B59D2BABD9B}.Release|Any CPU.ActiveCfg = Release|Any CPU
		{0D83DBBE-EC70-4DD2-A8D5-4B59D2BABD9B}.Release|Any CPU.Build.0 = Release|Any CPU
		{22F924EA-266B-4FE4-853A-89C04D856A76}.Debug|Any CPU.ActiveCfg = Debug|Any CPU
		{22F924EA-266B-4FE4-853A-89C04D856A76}.Debug|Any CPU.Build.0 = Debug|Any CPU
		{22F924EA-266B-4FE4-853A-89C04D856A76}.Release|Any CPU.ActiveCfg = Release|Any CPU
		{22F924EA-266B-4FE4-853A-89C04D856A76}.Release|Any CPU.Build.0 = Release|Any CPU
		{3CAC23A5-768E-4279-B88E-258BA0747959}.Debug|Any CPU.ActiveCfg = Debug|Any CPU
		{3CAC23A5-768E-4279-B88E-258BA0747959}.Debug|Any CPU.Build.0 = Debug|Any CPU
		{3CAC23A5-768E-4279-B88E-258BA0747959}.Release|Any CPU.ActiveCfg = Release|Any CPU
		{3CAC23A5-768E-4279-B88E-258BA0747959}.Release|Any CPU.Build.0 = Release|Any CPU
		{BA191DB6-2466-4D81-B883-8A12C3F55E16}.Debug|Any CPU.ActiveCfg = Debug|Any CPU
		{BA191DB6-2466-4D81-B883-8A12C3F55E16}.Debug|Any CPU.Build.0 = Debug|Any CPU
		{BA191DB6-2466-4D81-B883-8A12C3F55E16}.Release|Any CPU.ActiveCfg = Release|Any CPU
		{BA191DB6-2466-4D81-B883-8A12C3F55E16}.Release|Any CPU.Build.0 = Release|Any CPU
	EndGlobalSection
	GlobalSection(SolutionProperties) = preSolution
		HideSolutionNode = FALSE
	EndGlobalSection
	GlobalSection(NestedProjects) = preSolution
		{A40C326B-9BEC-4911-A4E4-48D6DACD65F0} = {2579F8FC-917C-4500-88B2-B913D9280DE3}
		{7E34DAB5-DA01-4D97-A610-4AA57F87E7AA} = {A40C326B-9BEC-4911-A4E4-48D6DACD65F0}
		{0FC7980F-1C83-4645-89C8-4CB15F1DF1FF} = {2579F8FC-917C-4500-88B2-B913D9280DE3}
		{0D83DBBE-EC70-4DD2-A8D5-4B59D2BABD9B} = {0FC7980F-1C83-4645-89C8-4CB15F1DF1FF}
		{A093362A-4AD1-4A37-BFBF-0370EAA3B5B5} = {2579F8FC-917C-4500-88B2-B913D9280DE3}
		{3B5B6328-39E9-48CA-B04D-17FAD177C869} = {A093362A-4AD1-4A37-BFBF-0370EAA3B5B5}
		{21E08313-25DC-4166-8967-5065679195C4} = {A093362A-4AD1-4A37-BFBF-0370EAA3B5B5}
		{22E22EC0-8823-4898-A559-56B6F13382B4} = {A093362A-4AD1-4A37-BFBF-0370EAA3B5B5}
		{22F924EA-266B-4FE4-853A-89C04D856A76} = {3B5B6328-39E9-48CA-B04D-17FAD177C869}
		{3CAC23A5-768E-4279-B88E-258BA0747959} = {3B5B6328-39E9-48CA-B04D-17FAD177C869}
		{BA191DB6-2466-4D81-B883-8A12C3F55E16} = {21E08313-25DC-4166-8967-5065679195C4}
	EndGlobalSection
	GlobalSection(ExtensibilityGlobals) = postSolution
		SolutionGuid = {70E21A9D-C997-4C6F-AAF9-A106600EB992}
	EndGlobalSection
EndGlobal
